version = 1
revision = 3
requires-python = ">=3.13"

[[package]]
name = "cilk-validation-prototype"
version = "0.1.0"
source = { virtual = "." }
dependencies = [
    { name = "tree-sitter" },
    { name = "tree-sitter-c" },
]

[package.metadata]
requires-dist = [
    { name = "tree-sitter", specifier = ">=0.25.2" },
    { name = "tree-sitter-c", specifier = ">=0.24.1" },
]

[[package]]
name = "tree-sitter"
version = "0.25.2"
source = { registry = "https://pypi.org/simple" }
sdist = { url = "https://files.pythonhosted.org/packages/66/7c/0350cfc47faadc0d3cf7d8237a4e34032b3014ddf4a12ded9933e1648b55/tree-sitter-0.25.2.tar.gz", hash = "sha256:fe43c158555da46723b28b52e058ad444195afd1db3ca7720c59a254544e9c20", size = 177961, upload-time = "2025-09-25T17:37:59.751Z" }
wheels = [
    { url = "https://files.pythonhosted.org/packages/8c/67/67492014ce32729b63d7ef318a19f9cfedd855d677de5773476caf771e96/tree_sitter-0.25.2-cp313-cp313-macosx_10_13_x86_64.whl", hash = "sha256:0628671f0de69bb279558ef6b640bcfc97864fe0026d840f872728a86cd6b6cd", size = 146926, upload-time = "2025-09-25T17:37:43.041Z" },
    { url = "https://files.pythonhosted.org/packages/4e/9c/a278b15e6b263e86c5e301c82a60923fa7c59d44f78d7a110a89a413e640/tree_sitter-0.25.2-cp313-cp313-macosx_11_0_arm64.whl", hash = "sha256:f5ddcd3e291a749b62521f71fc953f66f5fd9743973fd6dd962b092773569601", size = 137712, upload-time = "2025-09-25T17:37:44.039Z" },
    { url = "https://files.pythonhosted.org/packages/54/9a/423bba15d2bf6473ba67846ba5244b988cd97a4b1ea2b146822162256794/tree_sitter-0.25.2-cp313-cp313-manylinux2014_aarch64.manylinux_2_17_aarch64.manylinux_2_28_aarch64.whl", hash = "sha256:bd88fbb0f6c3a0f28f0a68d72df88e9755cf5215bae146f5a1bdc8362b772053", size = 607873, upload-time = "2025-09-25T17:37:45.477Z" },
    { url = "https://files.pythonhosted.org/packages/ed/4c/b430d2cb43f8badfb3a3fa9d6cd7c8247698187b5674008c9d67b2a90c8e/tree_sitter-0.25.2-cp313-cp313-manylinux2014_x86_64.manylinux_2_17_x86_64.manylinux_2_28_x86_64.whl", hash = "sha256:b878e296e63661c8e124177cc3084b041ba3f5936b43076d57c487822426f614", size = 636313, upload-time = "2025-09-25T17:37:46.68Z" },
    { url = "https://files.pythonhosted.org/packages/9d/27/5f97098dbba807331d666a0997662e82d066e84b17d92efab575d283822f/tree_sitter-0.25.2-cp313-cp313-musllinux_1_2_x86_64.whl", hash = "sha256:d77605e0d353ba3fe5627e5490f0fbfe44141bafa4478d88ef7954a61a848dae", size = 631370, upload-time = "2025-09-25T17:37:47.993Z" },
    { url = "https://files.pythonhosted.org/packages/d4/3c/87caaed663fabc35e18dc704cd0e9800a0ee2f22bd18b9cbe7c10799895d/tree_sitter-0.25.2-cp313-cp313-win_amd64.whl", hash = "sha256:463c032bd02052d934daa5f45d183e0521ceb783c2548501cf034b0beba92c9b", size = 127157, upload-time = "2025-09-25T17:37:48.967Z" },
    { url = "https://files.pythonhosted.org/packages/d5/23/f8467b408b7988aff4ea40946a4bd1a2c1a73d17156a9d039bbaff1e2ceb/tree_sitter-0.25.2-cp313-cp313-win_arm64.whl", hash = "sha256:b3f63a1796886249bd22c559a5944d64d05d43f2be72961624278eff0dcc5cb8", size = 113975, upload-time = "2025-09-25T17:37:49.922Z" },
    { url = "https://files.pythonhosted.org/packages/07/e3/d9526ba71dfbbe4eba5e51d89432b4b333a49a1e70712aa5590cd22fc74f/tree_sitter-0.25.2-cp314-cp314-macosx_10_13_x86_64.whl", hash = "sha256:65d3c931013ea798b502782acab986bbf47ba2c452610ab0776cf4a8ef150fc0", size = 146776, upload-time = "2025-09-25T17:37:50.898Z" },
    { url = "https://files.pythonhosted.org/packages/42/97/4bd4ad97f85a23011dd8a535534bb1035c4e0bac1234d58f438e15cff51f/tree_sitter-0.25.2-cp314-cp314-macosx_11_0_arm64.whl", hash = "sha256:bda059af9d621918efb813b22fb06b3fe00c3e94079c6143fcb2c565eb44cb87", size = 137732, upload-time = "2025-09-25T17:37:51.877Z" },
    { url = "https://files.pythonhosted.org/packages/b6/19/1e968aa0b1b567988ed522f836498a6a9529a74aab15f09dd9ac1e41f505/tree_sitter-0.25.2-cp314-cp314-manylinux2014_aarch64.manylinux_2_17_aarch64.manylinux_2_28_aarch64.whl", hash = "sha256:eac4e8e4c7060c75f395feec46421eb61212cb73998dbe004b7384724f3682ab", size = 609456, upload-time = "2025-09-25T17:37:52.925Z" },
    { url = "https://files.pythonhosted.org/packages/48/b6/cf08f4f20f4c9094006ef8828555484e842fc468827ad6e56011ab668dbd/tree_sitter-0.25.2-cp314-cp314-manylinux2014_x86_64.manylinux_2_17_x86_64.manylinux_2_28_x86_64.whl", hash = "sha256:260586381b23be33b6191a07cea3d44ecbd6c01aa4c6b027a0439145fcbc3358", size = 636772, upload-time = "2025-09-25T17:37:54.647Z" },
    { url = "https://files.pythonhosted.org/packages/57/e2/d42d55bf56360987c32bc7b16adb06744e425670b823fb8a5786a1cea991/tree_sitter-0.25.2-cp314-cp314-musllinux_1_2_x86_64.whl", hash = "sha256:7d2ee1acbacebe50ba0f85fff1bc05e65d877958f00880f49f9b2af38dce1af0", size = 631522, upload-time = "2025-09-25T17:37:55.833Z" },
    { url = "https://files.pythonhosted.org/packages/03/87/af9604ebe275a9345d88c3ace0cf2a1341aa3f8ef49dd9fc11662132df8a/tree_sitter-0.25.2-cp314-cp314-win_amd64.whl", hash = "sha256:4973b718fcadfb04e59e746abfbb0288694159c6aeecd2add59320c03368c721", size = 130864, upload-time = "2025-09-25T17:37:57.453Z" },
    { url = "https://files.pythonhosted.org/packages/a6/6e/e64621037357acb83d912276ffd30a859ef117f9c680f2e3cb955f47c680/tree_sitter-0.25.2-cp314-cp314-win_arm64.whl", hash = "sha256:b8d4429954a3beb3e844e2872610d2a4800ba4eb42bb1990c6a4b1949b18459f", size = 117470, upload-time = "2025-09-25T17:37:58.431Z" },
]

[[package]]
name = "tree-sitter-c"
version = "0.24.1"
source = { registry = "https://pypi.org/simple" }
sdist = { url = "https://files.pythonhosted.org/packages/f1/f5/ba8cd08d717277551ade8537d3aa2a94b907c6c6e0fbcf4e4d8b1c747fa3/tree_sitter_c-0.24.1.tar.gz", hash = "sha256:7d2d0cda0b8dda428c81440c1e94367f9f13548eedca3f49768bde66b1422ad6", size = 228014, upload-time = "2025-05-24T17:32:58.384Z" }
wheels = [
    { url = "https://files.pythonhosted.org/packages/15/c7/c817be36306e457c2d36cc324789046390d9d8c555c38772429ffdb7d361/tree_sitter_c-0.24.1-cp310-abi3-macosx_10_9_x86_64.whl", hash = "sha256:9c06ac26a1efdcc8b26a8a6970fbc6997c4071857359e5837d4c42892d45fe1e", size = 80940, upload-time = "2025-05-24T17:32:49.967Z" },
    { url = "https://files.pythonhosted.org/packages/7a/42/283909467290b24fdbc29bb32ee20e409a19a55002b43175d66d091ca1a4/tree_sitter_c-0.24.1-cp310-abi3-macosx_11_0_arm64.whl", hash = "sha256:942bcd7cbecd810dcf7ca6f8f834391ebf0771a89479646d891ba4ca2fdfdc88", size = 86304, upload-time = "2025-05-24T17:32:51.271Z" },
    { url = "https://files.pythonhosted.org/packages/94/53/fb4f61d4e5f15ec3da85774a4df8e58d3b5b73036cf167f0203b4dd9d158/tree_sitter_c-0.24.1-cp310-abi3-manylinux_2_17_aarch64.manylinux2014_aarch64.whl", hash = "sha256:9a74cfd7a11ca5a961fafd4d751892ee65acae667d2818968a6f079397d8d28c", size = 109996, upload-time = "2025-05-24T17:32:52.119Z" },
    { url = "https://files.pythonhosted.org/packages/5e/e8/fc541d34ee81c386c5453c2596c1763e8e9cd7cb0725f39d7dfa2276afa4/tree_sitter_c-0.24.1-cp310-abi3-manylinux_2_5_x86_64.manylinux1_x86_64.manylinux_2_17_x86_64.manylinux2014_x86_64.whl", hash = "sha256:a6a807705a3978911dc7ee26a7ad36dcfacb6adfc13c190d496660ec9bd66707", size = 98137, upload-time = "2025-05-24T17:32:53.361Z" },
    { url = "https://files.pythonhosted.org/packages/32/c6/d0563319cae0d5b5780a92e2806074b24afea2a07aa4c10599b899bda3ec/tree_sitter_c-0.24.1-cp310-abi3-musllinux_1_2_x86_64.whl", hash = "sha256:789781afcb710df34144f7e2a20cd80e325114b9119e3956c6bd1dd2d365df98", size = 94148, upload-time = "2025-05-24T17:32:54.855Z" },
    { url = "https://files.pythonhosted.org/packages/50/5a/6361df7f3fa2310c53a0d26b4702a261c332da16fa9d801e381e3a86e25f/tree_sitter_c-0.24.1-cp310-abi3-win_amd64.whl", hash = "sha256:290bff0f9c79c966496ebae45042f77543e6e4aea725f40587a8611d566231a8", size = 84703, upload-time = "2025-05-24T17:32:56.084Z" },
    { url = "https://files.pythonhosted.org/packages/22/6a/210a302e8025ac492cbaea58d3720d66b7d8034c5d747ac5e4d2d235aa25/tree_sitter_c-0.24.1-cp310-abi3-win_arm64.whl", hash = "sha256:d46bbda06f838c2dcb91daf767813671fd366b49ad84ff37db702129267b46e1", size = 82715, upload-time = "2025-05-24T17:32:57.248Z" },
]
